{
    "_readme": [
        "This file locks the dependencies of your project to a known state",
        "Read more about it at https://getcomposer.org/doc/01-basic-usage.md#installing-dependencies",
        "This file is @generated automatically"
    ],
    "content-hash": "6cc524de17e44e47e8c648ecbe6d4215",
    "packages": [
        {
            "name": "visay/dockerwordpress",
            "version": "1.1.1",
            "source": {
                "type": "git",
                "url": "https://github.com/visay/DockerWordpress.git",
                "reference": "507c8cdd10dbe97cc8f7e62db9bcfeaa8378b2c9"
            },
            "dist": {
                "type": "zip",
                "url": "https://api.github.com/repos/visay/DockerWordpress/zipball/507c8cdd10dbe97cc8f7e62db9bcfeaa8378b2c9",
                "reference": "507c8cdd10dbe97cc8f7e62db9bcfeaa8378b2c9",
                "shasum": ""
            },
            "bin": [
                "bin/dockerwordpress"
            ],
            "type": "library",
            "notification-url": "https://packagist.org/downloads/",
            "license": [
                "MIT"
            ],
            "authors": [
                {
                    "name": "Visay Keo",
                    "email": "keo@visay.info",
                    "homepage": "http://www.visay.info",
                    "role": "Developer"
                }
            ],
            "description": "Docker Compose structure to quickly startup Wordpress projects",
            "time": "2018-06-12T10:13:12+00:00"
        }
    ],
    "packages-dev": [],
    "aliases": [],
    "minimum-stability": "stable",
    "stability-flags": [],
    "prefer-stable": false,
    "prefer-lowest": false,
    "platform": [],
    "platform-dev": []
}
